
Microsoft Visual Studio Solution File, Format Version 12.00
# Visual Studio Version 17
VisualStudioVersion = 17.5.002.0
MinimumVisualStudioVersion = 10.0.40219.1
Project("{9A19103F-16F7-4668-BE54-9A1E7A4F7556}") = "advanced-csharp", "advanced-csharp.csproj", "{A286303C-C428-4EE8-BE95-2B5E14D0729D}"
EndProject
Global
	GlobalSection(SolutionConfigurationPlatforms) = preSolution
		Debug|Any CPU = Debug|Any CPU
		Release|Any CPU = Release|Any CPU
	EndGlobalSection
	GlobalSection(ProjectConfigurationPlatforms) = postSolution
		{A286303C-C428-4EE8-BE95-2B5E14D0729D}.Debug|Any CPU.ActiveCfg = Debug|Any CPU
		{A286303C-C428-4EE8-BE95-2B5E14D0729D}.Debug|Any CPU.Build.0 = Debug|Any CPU
		{A286303C-C428-4EE8-BE95-2B5E14D0729D}.Release|Any CPU.ActiveCfg = Release|Any CPU
		{A286303C-C428-4EE8-BE95-2B5E14D0729D}.Release|Any CPU.Build.0 = Release|Any CPU
	EndGlobalSection
	GlobalSection(SolutionProperties) = preSolution
		HideSolutionNode = FALSE
	EndGlobalSection
	GlobalSection(ExtensibilityGlobals) = postSolution
		SolutionGuid = {36006903-3DDE-4879-8D64-FB830DA216E3}
	EndGlobalSection
EndGlobal
