
Microsoft Visual Studio Solution File, Format Version 12.00
# Visual Studio Version 17
VisualStudioVersion = 17.5.002.0
MinimumVisualStudioVersion = 10.0.40219.1
Project("{9A19103F-16F7-4668-BE54-9A1E7A4F7556}") = "notificationSystem", "notificationSystem.csproj", "{CBF68A14-9907-4F26-9852-C0FB23B64DAE}"
EndProject
Global
	GlobalSection(SolutionConfigurationPlatforms) = preSolution
		Debug|Any CPU = Debug|Any CPU
		Release|Any CPU = Release|Any CPU
	EndGlobalSection
	GlobalSection(ProjectConfigurationPlatforms) = postSolution
		{CBF68A14-9907-4F26-9852-C0FB23B64DAE}.Debug|Any CPU.ActiveCfg = Debug|Any CPU
		{CBF68A14-9907-4F26-9852-C0FB23B64DAE}.Debug|Any CPU.Build.0 = Debug|Any CPU
		{CBF68A14-9907-4F26-9852-C0FB23B64DAE}.Release|Any CPU.ActiveCfg = Release|Any CPU
		{CBF68A14-9907-4F26-9852-C0FB23B64DAE}.Release|Any CPU.Build.0 = Release|Any CPU
	EndGlobalSection
	GlobalSection(SolutionProperties) = preSolution
		HideSolutionNode = FALSE
	EndGlobalSection
	GlobalSection(ExtensibilityGlobals) = postSolution
		SolutionGuid = {8CE900FB-CDF9-4DB3-AD19-7621EC4B2DA8}
	EndGlobalSection
EndGlobal
