Microsoft Visual Studio Solution File, Format Version 12.00
# Visual Studio Version 17
VisualStudioVersion = 17.5.2.0
MinimumVisualStudioVersion = 10.0.40219.1
Project("{FAE04EC0-301F-11D3-BF4B-00C04F79EFBC}") = "googleauht", "googleauht.csproj", "{D1BEC4D1-BA91-986F-D634-503D77761923}"
EndProject
Global
	GlobalSection(SolutionConfigurationPlatforms) = preSolution
		Debug|Any CPU = Debug|Any CPU
		Release|Any CPU = Release|Any CPU
	EndGlobalSection
	GlobalSection(ProjectConfigurationPlatforms) = postSolution
		{D1BEC4D1-BA91-986F-D634-503D77761923}.Debug|Any CPU.ActiveCfg = Debug|Any CPU
		{D1BEC4D1-BA91-986F-D634-503D77761923}.Debug|Any CPU.Build.0 = Debug|Any CPU
		{D1BEC4D1-BA91-986F-D634-503D77761923}.Release|Any CPU.ActiveCfg = Release|Any CPU
		{D1BEC4D1-BA91-986F-D634-503D77761923}.Release|Any CPU.Build.0 = Release|Any CPU
	EndGlobalSection
	GlobalSection(SolutionProperties) = preSolution
		HideSolutionNode = FALSE
	EndGlobalSection
	GlobalSection(ExtensibilityGlobals) = postSolution
		SolutionGuid = {9734E8A7-5637-4BFC-8C47-7BB7905430A7}
	EndGlobalSection
EndGlobal
